{
  "name": "terminal",
  "version": "1.0.0",
  "lockfileVersion": 1,
  "requires": true,
  "dependencies": {
    "vue-terminal": {
      "version": "1.0.1-beta",
      "resolved": "https://registry.npm.taobao.org/vue-terminal/download/vue-terminal-1.0.1-beta.tgz",
      "integrity": "sha1-utCpj3OMLlhFy3rpxmB19PljIuY="
    }
  }
}
